{
  "name": "iexec-dapp-init",
  "version": "1.0.0",
  "lockfileVersion": 1,
  "requires": true,
  "dependencies": {
    "ethereumjs-testrpc": {
      "version": "3.9.2",
      "resolved": "https://registry.npmjs.org/ethereumjs-testrpc/-/ethereumjs-testrpc-3.9.2.tgz",
      "integrity": "sha1-uw8tPDqjk1CHKtOOQMg+nXhzMck="
    },
    "iexec-oracle-contract": {
      "version": "1.1.3",
      "resolved": "https://registry.npmjs.org/iexec-oracle-contract/-/iexec-oracle-contract-1.1.3.tgz",
      "integrity": "sha1-7obv6RA3h4UjJbUMK+bCvnLaia4=",
      "requires": {
        "rlc-token": "github:iexecblockchaincomputing/rlc-token#34d2a5c2a5320630b0421a96bafeefd401e41726"
      }
    },
    "rlc-token": {
      "version": "github:iexecblockchaincomputing/rlc-token#34d2a5c2a5320630b0421a96bafeefd401e41726",
      "requires": {
        "ethereumjs-testrpc": "3.9.2"
      }
    }
  }
}
